
Microsoft Visual Studio Solution File, Format Version 12.00
# Visual Studio Version 17
VisualStudioVersion = 17.3.32825.248
MinimumVisualStudioVersion = 10.0.40219.1
Project("{FAE04EC0-301F-11D3-BF4B-00C04F79EFBC}") = "Topic 1 - The Basics", "Topic 1 - The Basics.csproj", "{4AB52688-B793-4C6E-B753-18B78B5659ED}"
EndProject
Global
	GlobalSection(SolutionConfigurationPlatforms) = preSolution
		Debug|Any CPU = Debug|Any CPU
		Release|Any CPU = Release|Any CPU
	EndGlobalSection
	GlobalSection(ProjectConfigurationPlatforms) = postSolution
		{4AB52688-B793-4C6E-B753-18B78B5659ED}.Debug|Any CPU.ActiveCfg = Debug|Any CPU
		{4AB52688-B793-4C6E-B753-18B78B5659ED}.Debug|Any CPU.Build.0 = Debug|Any CPU
		{4AB52688-B793-4C6E-B753-18B78B5659ED}.Release|Any CPU.ActiveCfg = Release|Any CPU
		{4AB52688-B793-4C6E-B753-18B78B5659ED}.Release|Any CPU.Build.0 = Release|Any CPU
	EndGlobalSection
	GlobalSection(SolutionProperties) = preSolution
		HideSolutionNode = FALSE
	EndGlobalSection
	GlobalSection(ExtensibilityGlobals) = postSolution
		SolutionGuid = {1A658728-9105-4234-A70F-EC61420C9B0D}
	EndGlobalSection
EndGlobal
